github.com/wowchemy/wowchemy-hugo-modules/wowchemy-cms/v5 v5.0.0-20210807125257-88ec9270d03e h1:/jEzCRVB3KMmm2DEpacd0lJD0HsNgF2vkCJowFmew7s=
github.com/wowchemy/wowchemy-hugo-modules/wowchemy-cms/v5 v5.0.0-20210807125257-88ec9270d03e/go.mod h1:Sp/AKo+2HAPi/IPHp1MEdKPmee+mzO5+efUBUPLPqPE=
github.com/wowchemy/wowchemy-hugo-modules/wowchemy/v5 v5.0.0-20210807125257-88ec9270d03e h1:J6H85UfeOzUouIenMxv/+FT1F5XlfzjuZYfMFdRux8Y=
github.com/wowchemy/wowchemy-hugo-modules/wowchemy/v5 v5.0.0-20210807125257-88ec9270d03e/go.mod h1:2iL9rdrUYyJXX2BeHKfK+QbqZlubCsaR60nQ87NRQTY=
