github.com/HugoBlox/hugo-blox-builder/modules/blox-plugin-netlify v0.0.0-20231109145828-d9695efa098f h1:HheNP9nf+sKX5mgnv19fzbnZ7i7/DbUrXpo5HkfYeDI=
github.com/HugoBlox/hugo-blox-builder/modules/blox-plugin-netlify v0.0.0-20231109145828-d9695efa098f/go.mod h1:C7jfxMLv1bEUqbM9XDSmEpfOpS8w06OgqNDEcbuRgL4=
github.com/HugoBlox/hugo-blox-builder/modules/blox-tailwind v0.0.0-20250925005832-787ac94b5dda h1:ng8wHm9EgIUkFAP0p5FwHXlH6vG5/DTXBuVXRQRL5Xo=
github.com/HugoBlox/hugo-blox-builder/modules/blox-tailwind v0.0.0-20250925005832-787ac94b5dda/go.mod h1:iiKLoehg9IqQd0R4jUfhl+wvJCiXPNgV88A/V8iKSLY=
